
Microsoft Visual Studio Solution File, Format Version 12.00
# Visual Studio Version 16
VisualStudioVersion = 16.0.31005.135
MinimumVisualStudioVersion = 10.0.40219.1
Project("{8BC9CEB8-8B4A-11D0-8D11-00A0C91BC942}") = "vulkan", "vulkan.vcxproj", "{83C8C429-9DB3-4D21-B3DE-6EEDD8428BBD}"
EndProject
Project("{8BC9CEB8-8B4A-11D0-8D11-00A0C91BC942}") = "project1_skybox_msaa", "project\project1_skybox_msaa\project1_skybox_msaa.vcxproj", "{8E8AFE97-ACDD-492A-AD39-96FAF6A0B06B}"
	ProjectSection(ProjectDependencies) = postProject
		{83C8C429-9DB3-4D21-B3DE-6EEDD8428BBD} = {83C8C429-9DB3-4D21-B3DE-6EEDD8428BBD}
	EndProjectSection
EndProject
Project("{8BC9CEB8-8B4A-11D0-8D11-00A0C91BC942}") = "project2_deferred_rendering", "project\project2_deferred_rendering\project2_deferred_rendering.vcxproj", "{D2027585-9917-4EBE-AB63-4CDB23A3E8E1}"
	ProjectSection(ProjectDependencies) = postProject
		{83C8C429-9DB3-4D21-B3DE-6EEDD8428BBD} = {83C8C429-9DB3-4D21-B3DE-6EEDD8428BBD}
	EndProjectSection
EndProject
Global
	GlobalSection(SolutionConfigurationPlatforms) = preSolution
		Debug|x64 = Debug|x64
		Release|x64 = Release|x64
	EndGlobalSection
	GlobalSection(ProjectConfigurationPlatforms) = postSolution
		{83C8C429-9DB3-4D21-B3DE-6EEDD8428BBD}.Debug|x64.ActiveCfg = Debug|x64
		{83C8C429-9DB3-4D21-B3DE-6EEDD8428BBD}.Debug|x64.Build.0 = Debug|x64
		{83C8C429-9DB3-4D21-B3DE-6EEDD8428BBD}.Release|x64.ActiveCfg = Release|x64
		{83C8C429-9DB3-4D21-B3DE-6EEDD8428BBD}.Release|x64.Build.0 = Release|x64
		{8E8AFE97-ACDD-492A-AD39-96FAF6A0B06B}.Debug|x64.ActiveCfg = Debug|x64
		{8E8AFE97-ACDD-492A-AD39-96FAF6A0B06B}.Debug|x64.Build.0 = Debug|x64
		{8E8AFE97-ACDD-492A-AD39-96FAF6A0B06B}.Release|x64.ActiveCfg = Release|x64
		{8E8AFE97-ACDD-492A-AD39-96FAF6A0B06B}.Release|x64.Build.0 = Release|x64
		{D2027585-9917-4EBE-AB63-4CDB23A3E8E1}.Debug|x64.ActiveCfg = Debug|x64
		{D2027585-9917-4EBE-AB63-4CDB23A3E8E1}.Debug|x64.Build.0 = Debug|x64
		{D2027585-9917-4EBE-AB63-4CDB23A3E8E1}.Release|x64.ActiveCfg = Release|x64
		{D2027585-9917-4EBE-AB63-4CDB23A3E8E1}.Release|x64.Build.0 = Release|x64
	EndGlobalSection
	GlobalSection(SolutionProperties) = preSolution
		HideSolutionNode = FALSE
	EndGlobalSection
	GlobalSection(ExtensibilityGlobals) = postSolution
		SolutionGuid = {359D4E12-A42A-4A1E-B30C-11E4DD169E67}
	EndGlobalSection
EndGlobal
