<?xml version="1.0" encoding="utf-8"?>
<Project ToolsVersion="4.0" xmlns="http://schemas.microsoft.com/developer/msbuild/2003">
  <ItemGroup>
    <Filter Include="Source Files">
      <UniqueIdentifier>{4FC737F1-C7A5-4376-A066-2A32D752A2FF}</UniqueIdentifier>
      <Extensions>cpp;c;cc;cxx;c++;cppm;ixx;def;odl;idl;hpj;bat;asm;asmx</Extensions>
    </Filter>
    <Filter Include="Header Files">
      <UniqueIdentifier>{93995380-89BD-4b04-88EB-625FBE52EBFB}</UniqueIdentifier>
      <Extensions>h;hh;hpp;hxx;h++;hm;inl;inc;ipp;xsd</Extensions>
    </Filter>
    <Filter Include="Resource Files">
      <UniqueIdentifier>{67DA6AB6-F800-4c08-8B7A-83BB121AAD01}</UniqueIdentifier>
      <Extensions>rc;ico;cur;bmp;dlg;rc2;rct;bin;rgs;gif;jpg;jpeg;jpe;resx;tiff;tif;png;wav;mfcribbon-ms</Extensions>
    </Filter>
    <Filter Include="Source Files\external">
      <UniqueIdentifier>{6e65109f-71ed-45f4-9916-2fff3df41e13}</UniqueIdentifier>
    </Filter>
    <Filter Include="Header Files\external">
      <UniqueIdentifier>{f4c49120-0b24-4d0d-ba0c-f080649e8017}</UniqueIdentifier>
    </Filter>
    <Filter Include="Source Files\external\imgui">
      <UniqueIdentifier>{bb688427-511d-488f-8335-5a911313e9f3}</UniqueIdentifier>
    </Filter>
    <Filter Include="Header Files\external\imgui">
      <UniqueIdentifier>{55f39340-e65b-4c35-9f37-7aa5208e8256}</UniqueIdentifier>
    </Filter>
    <Filter Include="Source Files\shaders">
      <UniqueIdentifier>{bbc03b3b-2905-4a3b-9684-786e29fb66db}</UniqueIdentifier>
    </Filter>
  </ItemGroup>
  <ItemGroup>
    <ClCompile Include="core\vulkan_app_base.cpp">
      <Filter>Source Files</Filter>
    </ClCompile>
    <ClCompile Include="core\vulkan_debug.cpp">
      <Filter>Source Files</Filter>
    </ClCompile>
    <ClCompile Include="core\vulkan_device.cpp">
      <Filter>Source Files</Filter>
    </ClCompile>
    <ClCompile Include="core\vulkan_swapchain.cpp">
      <Filter>Source Files</Filter>
    </ClCompile>
    <ClCompile Include="core\vulkan_utils.cpp">
      <Filter>Source Files</Filter>
    </ClCompile>
    <ClCompile Include="core\vulkan_texture.cpp">
      <Filter>Source Files</Filter>
    </ClCompile>
    <ClCompile Include="core\vulkan_mesh.cpp">
      <Filter>Source Files</Filter>
    </ClCompile>
    <ClCompile Include="core\vulkan_memory_allocator.cpp">
      <Filter>Source Files</Filter>
    </ClCompile>
    <ClCompile Include="core\vulkan_descriptor_set_bindings.cpp">
      <Filter>Source Files</Filter>
    </ClCompile>
    <ClCompile Include="..\third_party\include\imgui\imgui_demo.cpp">
      <Filter>Source Files\external\imgui</Filter>
    </ClCompile>
    <ClCompile Include="..\third_party\include\imgui\imgui_draw.cpp">
      <Filter>Source Files\external\imgui</Filter>
    </ClCompile>
    <ClCompile Include="..\third_party\include\imgui\imgui_tables.cpp">
      <Filter>Source Files\external\imgui</Filter>
    </ClCompile>
    <ClCompile Include="..\third_party\include\imgui\imgui_widgets.cpp">
      <Filter>Source Files\external\imgui</Filter>
    </ClCompile>
    <ClCompile Include="..\third_party\include\imgui\imgui.cpp">
      <Filter>Source Files\external\imgui</Filter>
    </ClCompile>
    <ClCompile Include="core\vulkan_imgui.cpp">
      <Filter>Source Files</Filter>
    </ClCompile>
    <ClCompile Include="core\vulkan_pipeline.cpp">
      <Filter>Source Files</Filter>
    </ClCompile>
  </ItemGroup>
  <ItemGroup>
    <ClInclude Include="core\vulkan_app_base.h">
      <Filter>Header Files</Filter>
    </ClInclude>
    <ClInclude Include="core\vulkan_debug.h">
      <Filter>Header Files</Filter>
    </ClInclude>
    <ClInclude Include="core\vulkan_device.h">
      <Filter>Header Files</Filter>
    </ClInclude>
    <ClInclude Include="core\vulkan_swapchain.h">
      <Filter>Header Files</Filter>
    </ClInclude>
    <ClInclude Include="core\vulkan_utils.h">
      <Filter>Header Files</Filter>
    </ClInclude>
    <ClInclude Include="core\vulkan_texture.h">
      <Filter>Header Files</Filter>
    </ClInclude>
    <ClInclude Include="core\vulkan_mesh.h">
      <Filter>Header Files</Filter>
    </ClInclude>
    <ClInclude Include="core\vulkan_memory_allocator.h">
      <Filter>Header Files</Filter>
    </ClInclude>
    <ClInclude Include="core\vulkan_descriptor_set_bindings.h">
      <Filter>Header Files</Filter>
    </ClInclude>
    <ClInclude Include="..\third_party\include\imgui\imgui_internal.h">
      <Filter>Header Files\external\imgui</Filter>
    </ClInclude>
    <ClInclude Include="..\third_party\include\imgui\imstb_rectpack.h">
      <Filter>Header Files\external\imgui</Filter>
    </ClInclude>
    <ClInclude Include="..\third_party\include\imgui\imstb_textedit.h">
      <Filter>Header Files\external\imgui</Filter>
    </ClInclude>
    <ClInclude Include="..\third_party\include\imgui\imstb_truetype.h">
      <Filter>Header Files\external\imgui</Filter>
    </ClInclude>
    <ClInclude Include="..\third_party\include\imgui\imconfig.h">
      <Filter>Header Files\external\imgui</Filter>
    </ClInclude>
    <ClInclude Include="..\third_party\include\imgui\imgui.h">
      <Filter>Header Files\external\imgui</Filter>
    </ClInclude>
    <ClInclude Include="core\vulkan_imgui.h">
      <Filter>Header Files</Filter>
    </ClInclude>
    <ClInclude Include="core\vulkan_pipeline.h">
      <Filter>Header Files</Filter>
    </ClInclude>
  </ItemGroup>
  <ItemGroup>
    <None Include="core\shaders\imgui.frag">
      <Filter>Source Files\shaders</Filter>
    </None>
    <None Include="core\shaders\imgui.vert">
      <Filter>Source Files\shaders</Filter>
    </None>
  </ItemGroup>
</Project>